// !$*UTF8*$!
{
	archiveVersion = 1;
	classes = {
	};
	objectVersion = 50;
	objects = {

/* Begin PBXBuildFile section */
		034CE7A7273A69DD00B5E073 /* ShowBirthdayVC.swift in Sources */ = {isa = PBXBuildFile; fileRef = 034CE7A6273A69DD00B5E073 /* ShowBirthdayVC.swift */; };
		0368741D273AEB090036C02B /* UIColor+Additions.swift in Sources */ = {isa = PBXBuildFile; fileRef = 0368741C273AEB090036C02B /* UIColor+Additions.swift */; };
		03687424273C5EA10036C02B /* ReadMe.swift in Sources */ = {isa = PBXBuildFile; fileRef = 03687423273C5EA10036C02B /* ReadMe.swift */; };
		036EB9A62737FF6E00CA03FE /* AppDelegate.swift in Sources */ = {isa = PBXBuildFile; fileRef = 036EB9A52737FF6E00CA03FE /* AppDelegate.swift */; };
		036EB9A82737FF6E00CA03FE /* SceneDelegate.swift in Sources */ = {isa = PBXBuildFile; fileRef = 036EB9A72737FF6E00CA03FE /* SceneDelegate.swift */; };
		036EB9AD2737FF6E00CA03FE /* Main.storyboard in Resources */ = {isa = PBXBuildFile; fileRef = 036EB9AB2737FF6E00CA03FE /* Main.storyboard */; };
		036EB9AF2737FF7100CA03FE /* Assets.xcassets in Resources */ = {isa = PBXBuildFile; fileRef = 036EB9AE2737FF7100CA03FE /* Assets.xcassets */; };
		036EB9B22737FF7100CA03FE /* LaunchScreen.storyboard in Resources */ = {isa = PBXBuildFile; fileRef = 036EB9B02737FF7100CA03FE /* LaunchScreen.storyboard */; };
		036EB9BA273800DB00CA03FE /* DetailsVC.swift in Sources */ = {isa = PBXBuildFile; fileRef = 036EB9B9273800DB00CA03FE /* DetailsVC.swift */; };
		036EB9BC2738079F00CA03FE /* UserDefaultsUtil.swift in Sources */ = {isa = PBXBuildFile; fileRef = 036EB9BB2738079F00CA03FE /* UserDefaultsUtil.swift */; };
/* End PBXBuildFile section */

/* Begin PBXFileReference section */
		034CE7A6273A69DD00B5E073 /* ShowBirthdayVC.swift */ = {isa = PBXFileReference; lastKnownFileType = sourcecode.swift; path = ShowBirthdayVC.swift; sourceTree = "<group>"; };
		0368741C273AEB090036C02B /* UIColor+Additions.swift */ = {isa = PBXFileReference; fileEncoding = 4; lastKnownFileType = sourcecode.swift; path = "UIColor+Additions.swift"; sourceTree = "<group>"; };
		03687423273C5EA10036C02B /* ReadMe.swift */ = {isa = PBXFileReference; lastKnownFileType = sourcecode.swift; path = ReadMe.swift; sourceTree = "<group>"; };
		036EB9A22737FF6E00CA03FE /* Nanit_ex.app */ = {isa = PBXFileReference; explicitFileType = wrapper.application; includeInIndex = 0; path = Nanit_ex.app; sourceTree = BUILT_PRODUCTS_DIR; };
		036EB9A52737FF6E00CA03FE /* AppDelegate.swift */ = {isa = PBXFileReference; lastKnownFileType = sourcecode.swift; path = AppDelegate.swift; sourceTree = "<group>"; };
		036EB9A72737FF6E00CA03FE /* SceneDelegate.swift */ = {isa = PBXFileReference; lastKnownFileType = sourcecode.swift; path = SceneDelegate.swift; sourceTree = "<group>"; };
		036EB9AC2737FF6E00CA03FE /* Base */ = {isa = PBXFileReference; lastKnownFileType = file.storyboard; name = Base; path = Base.lproj/Main.storyboard; sourceTree = "<group>"; };
		036EB9AE2737FF7100CA03FE /* Assets.xcassets */ = {isa = PBXFileReference; lastKnownFileType = folder.assetcatalog; path = Assets.xcassets; sourceTree = "<group>"; };
		036EB9B12737FF7100CA03FE /* Base */ = {isa = PBXFileReference; lastKnownFileType = file.storyboard; name = Base; path = Base.lproj/LaunchScreen.storyboard; sourceTree = "<group>"; };
		036EB9B32737FF7100CA03FE /* Info.plist */ = {isa = PBXFileReference; lastKnownFileType = text.plist.xml; path = Info.plist; sourceTree = "<group>"; };
		036EB9B9273800DB00CA03FE /* DetailsVC.swift */ = {isa = PBXFileReference; lastKnownFileType = sourcecode.swift; path = DetailsVC.swift; sourceTree = "<group>"; };
		036EB9BB2738079F00CA03FE /* UserDefaultsUtil.swift */ = {isa = PBXFileReference; lastKnownFileType = sourcecode.swift; path = UserDefaultsUtil.swift; sourceTree = "<group>"; };
/* End PBXFileReference section */

/* Begin PBXFrameworksBuildPhase section */
		036EB99F2737FF6E00CA03FE /* Frameworks */ = {
			isa = PBXFrameworksBuildPhase;
			buildActionMask = 2147483647;
			files = (
			);
			runOnlyForDeploymentPostprocessing = 0;
		};
/* End PBXFrameworksBuildPhase section */

/* Begin PBXGroup section */
		0368741E273BBAD30036C02B /* Supporting Files */ = {
			isa = PBXGroup;
			children = (
				0368741C273AEB090036C02B /* UIColor+Additions.swift */,
				036EB9A52737FF6E00CA03FE /* AppDelegate.swift */,
				036EB9A72737FF6E00CA03FE /* SceneDelegate.swift */,
				036EB9AB2737FF6E00CA03FE /* Main.storyboard */,
				036EB9AE2737FF7100CA03FE /* Assets.xcassets */,
				036EB9B02737FF7100CA03FE /* LaunchScreen.storyboard */,
				036EB9B32737FF7100CA03FE /* Info.plist */,
			);
			path = "Supporting Files";
			sourceTree = "<group>";
		};
		036EB9992737FF6E00CA03FE = {
			isa = PBXGroup;
			children = (
				036EB9A42737FF6E00CA03FE /* Nanit_ex */,
				036EB9A32737FF6E00CA03FE /* Products */,
			);
			sourceTree = "<group>";
		};
		036EB9A32737FF6E00CA03FE /* Products */ = {
			isa = PBXGroup;
			children = (
				036EB9A22737FF6E00CA03FE /* Nanit_ex.app */,
			);
			name = Products;
			sourceTree = "<group>";
		};
		036EB9A42737FF6E00CA03FE /* Nanit_ex */ = {
			isa = PBXGroup;
			children = (
				0368741E273BBAD30036C02B /* Supporting Files */,
				036EB9BB2738079F00CA03FE /* UserDefaultsUtil.swift */,
				036EB9B9273800DB00CA03FE /* DetailsVC.swift */,
				034CE7A6273A69DD00B5E073 /* ShowBirthdayVC.swift */,
				03687423273C5EA10036C02B /* ReadMe.swift */,
			);
			path = Nanit_ex;
			sourceTree = "<group>";
		};
/* End PBXGroup section */

/* Begin PBXNativeTarget section */
		036EB9A12737FF6E00CA03FE /* Nanit_ex */ = {
			isa = PBXNativeTarget;
			buildConfigurationList = 036EB9B62737FF7100CA03FE /* Build configuration list for PBXNativeTarget "Nanit_ex" */;
			buildPhases = (
				036EB99E2737FF6E00CA03FE /* Sources */,
				036EB99F2737FF6E00CA03FE /* Frameworks */,
				036EB9A02737FF6E00CA03FE /* Resources */,
			);
			buildRules = (
			);
			dependencies = (
			);
			name = Nanit_ex;
			productName = Nanit_ex;
			productReference = 036EB9A22737FF6E00CA03FE /* Nanit_ex.app */;
			productType = "com.apple.product-type.application";
		};
/* End PBXNativeTarget section */

/* Begin PBXProject section */
		036EB99A2737FF6E00CA03FE /* Project object */ = {
			isa = PBXProject;
			attributes = {
				LastSwiftUpdateCheck = 1250;
				LastUpgradeCheck = 1250;
				TargetAttributes = {
					036EB9A12737FF6E00CA03FE = {
						CreatedOnToolsVersion = 12.5;
					};
				};
			};
			buildConfigurationList = 036EB99D2737FF6E00CA03FE /* Build configuration list for PBXProject "Nanit_ex" */;
			compatibilityVersion = "Xcode 9.3";
			developmentRegion = en;
			hasScannedForEncodings = 0;
			knownRegions = (
				en,
				Base,
			);
			mainGroup = 036EB9992737FF6E00CA03FE;
			productRefGroup = 036EB9A32737FF6E00CA03FE /* Products */;
			projectDirPath = "";
			projectRoot = "";
			targets = (
				036EB9A12737FF6E00CA03FE /* Nanit_ex */,
			);
		};
/* End PBXProject section */

/* Begin PBXResourcesBuildPhase section */
		036EB9A02737FF6E00CA03FE /* Resources */ = {
			isa = PBXResourcesBuildPhase;
			buildActionMask = 2147483647;
			files = (
				036EB9B22737FF7100CA03FE /* LaunchScreen.storyboard in Resources */,
				036EB9AF2737FF7100CA03FE /* Assets.xcassets in Resources */,
				036EB9AD2737FF6E00CA03FE /* Main.storyboard in Resources */,
			);
			runOnlyForDeploymentPostprocessing = 0;
		};
/* End PBXResourcesBuildPhase section */

/* Begin PBXSourcesBuildPhase section */
		036EB99E2737FF6E00CA03FE /* Sources */ = {
			isa = PBXSourcesBuildPhase;
			buildActionMask = 2147483647;
			files = (
				036EB9BC2738079F00CA03FE /* UserDefaultsUtil.swift in Sources */,
				036EB9BA273800DB00CA03FE /* DetailsVC.swift in Sources */,
				034CE7A7273A69DD00B5E073 /* ShowBirthdayVC.swift in Sources */,
				036EB9A62737FF6E00CA03FE /* AppDelegate.swift in Sources */,
				036EB9A82737FF6E00CA03FE /* SceneDelegate.swift in Sources */,
				03687424273C5EA10036C02B /* ReadMe.swift in Sources */,
				0368741D273AEB090036C02B /* UIColor+Additions.swift in Sources */,
			);
			runOnlyForDeploymentPostprocessing = 0;
		};
/* End PBXSourcesBuildPhase section */

/* Begin PBXVariantGroup section */
		036EB9AB2737FF6E00CA03FE /* Main.storyboard */ = {
			isa = PBXVariantGroup;
			children = (
				036EB9AC2737FF6E00CA03FE /* Base */,
			);
			name = Main.storyboard;
			sourceTree = "<group>";
		};
		036EB9B02737FF7100CA03FE /* LaunchScreen.storyboard */ = {
			isa = PBXVariantGroup;
			children = (
				036EB9B12737FF7100CA03FE /* Base */,
			);
			name = LaunchScreen.storyboard;
			sourceTree = "<group>";
		};
/* End PBXVariantGroup section */

/* Begin XCBuildConfiguration section */
		036EB9B42737FF7100CA03FE /* Debug */ = {
			isa = XCBuildConfiguration;
			buildSettings = {
				ALWAYS_SEARCH_USER_PATHS = NO;
				CLANG_ANALYZER_NONNULL = YES;
				CLANG_ANALYZER_NUMBER_OBJECT_CONVERSION = YES_AGGRESSIVE;
				CLANG_CXX_LANGUAGE_STANDARD = "gnu++14";
				CLANG_CXX_LIBRARY = "libc++";
				CLANG_ENABLE_MODULES = YES;
				CLANG_ENABLE_OBJC_ARC = YES;
				CLANG_ENABLE_OBJC_WEAK = YES;
				CLANG_WARN_BLOCK_CAPTURE_AUTORELEASING = YES;
				CLANG_WARN_BOOL_CONVERSION = YES;
				CLANG_WARN_COMMA = YES;
				CLANG_WARN_CONSTANT_CONVERSION = YES;
				CLANG_WARN_DEPRECATED_OBJC_IMPLEMENTATIONS = YES;
				CLANG_WARN_DIRECT_OBJC_ISA_USAGE = YES_ERROR;
				CLANG_WARN_DOCUMENTATION_COMMENTS = YES;
				CLANG_WARN_EMPTY_BODY = YES;
				CLANG_WARN_ENUM_CONVERSION = YES;
				CLANG_WARN_INFINITE_RECURSION = YES;
				CLANG_WARN_INT_CONVERSION = YES;
				CLANG_WARN_NON_LITERAL_NULL_CONVERSION = YES;
				CLANG_WARN_OBJC_IMPLICIT_RETAIN_SELF = YES;
				CLANG_WARN_OBJC_LITERAL_CONVERSION = YES;
				CLANG_WARN_OBJC_ROOT_CLASS = YES_ERROR;
				CLANG_WARN_QUOTED_INCLUDE_IN_FRAMEWORK_HEADER = YES;
				CLANG_WARN_RANGE_LOOP_ANALYSIS = YES;
				CLANG_WARN_STRICT_PROTOTYPES = YES;
				CLANG_WARN_SUSPICIOUS_MOVE = YES;
				CLANG_WARN_UNGUARDED_AVAILABILITY = YES_AGGRESSIVE;
				CLANG_WARN_UNREACHABLE_CODE = YES;
				CLANG_WARN__DUPLICATE_METHOD_MATCH = YES;
				COPY_PHASE_STRIP = NO;
				DEBUG_INFORMATION_FORMAT = dwarf;
				ENABLE_STRICT_OBJC_MSGSEND = YES;
				ENABLE_TESTABILITY = YES;
				GCC_C_LANGUAGE_STANDARD = gnu11;
				GCC_DYNAMIC_NO_PIC = NO;
				GCC_NO_COMMON_BLOCKS = YES;
				GCC_OPTIMIZATION_LEVEL = 0;
				GCC_PREPROCESSOR_DEFINITIONS = (
					"DEBUG=1",
					"$(inherited)",
				);
				GCC_WARN_64_TO_32_BIT_CONVERSION = YES;
				GCC_WARN_ABOUT_RETURN_TYPE = YES_ERROR;
				GCC_WARN_UNDECLARED_SELECTOR = YES;
				GCC_WARN_UNINITIALIZED_AUTOS = YES_AGGRESSIVE;
				GCC_WARN_UNUSED_FUNCTION = YES;
				GCC_WARN_UNUSED_VARIABLE = YES;
				IPHONEOS_DEPLOYMENT_TARGET = 14.5;
				MTL_ENABLE_DEBUG_INFO = INCLUDE_SOURCE;
				MTL_FAST_MATH = YES;
				ONLY_ACTIVE_ARCH = YES;
				SDKROOT = iphoneos;
				SWIFT_ACTIVE_COMPILATION_CONDITIONS = DEBUG;
				SWIFT_OPTIMIZATION_LEVEL = "-Onone";
			};
			name = Debug;
		};
		036EB9B52737FF7100CA03FE /* Release */ = {
			isa = XCBuildConfiguration;
			buildSettings = {
				ALWAYS_SEARCH_USER_PATHS = NO;
				CLANG_ANALYZER_NONNULL = YES;
				CLANG_ANALYZER_NUMBER_OBJECT_CONVERSION = YES_AGGRESSIVE;
				CLANG_CXX_LANGUAGE_STANDARD = "gnu++14";
				CLANG_CXX_LIBRARY = "libc++";
				CLANG_ENABLE_MODULES = YES;
				CLANG_ENABLE_OBJC_ARC = YES;
				CLANG_ENABLE_OBJC_WEAK = YES;
				CLANG_WARN_BLOCK_CAPTURE_AUTORELEASING = YES;
				CLANG_WARN_BOOL_CONVERSION = YES;
				CLANG_WARN_COMMA = YES;
				CLANG_WARN_CONSTANT_CONVERSION = YES;
				CLANG_WARN_DEPRECATED_OBJC_IMPLEMENTATIONS = YES;
				CLANG_WARN_DIRECT_OBJC_ISA_USAGE = YES_ERROR;
				CLANG_WARN_DOCUMENTATION_COMMENTS = YES;
				CLANG_WARN_EMPTY_BODY = YES;
				CLANG_WARN_ENUM_CONVERSION = YES;
				CLANG_WARN_INFINITE_RECURSION = YES;
				CLANG_WARN_INT_CONVERSION = YES;
				CLANG_WARN_NON_LITERAL_NULL_CONVERSION = YES;
				CLANG_WARN_OBJC_IMPLICIT_RETAIN_SELF = YES;
				CLANG_WARN_OBJC_LITERAL_CONVERSION = YES;
				CLANG_WARN_OBJC_ROOT_CLASS = YES_ERROR;
				CLANG_WARN_QUOTED_INCLUDE_IN_FRAMEWORK_HEADER = YES;
				CLANG_WARN_RANGE_LOOP_ANALYSIS = YES;
				CLANG_WARN_STRICT_PROTOTYPES = YES;
				CLANG_WARN_SUSPICIOUS_MOVE = YES;
				CLANG_WARN_UNGUARDED_AVAILABILITY = YES_AGGRESSIVE;
				CLANG_WARN_UNREACHABLE_CODE = YES;
				CLANG_WARN__DUPLICATE_METHOD_MATCH = YES;
				COPY_PHASE_STRIP = NO;
				DEBUG_INFORMATION_FORMAT = "dwarf-with-dsym";
				ENABLE_NS_ASSERTIONS = NO;
				ENABLE_STRICT_OBJC_MSGSEND = YES;
				GCC_C_LANGUAGE_STANDARD = gnu11;
				GCC_NO_COMMON_BLOCKS = YES;
				GCC_WARN_64_TO_32_BIT_CONVERSION = YES;
				GCC_WARN_ABOUT_RETURN_TYPE = YES_ERROR;
				GCC_WARN_UNDECLARED_SELECTOR = YES;
				GCC_WARN_UNINITIALIZED_AUTOS = YES_AGGRESSIVE;
				GCC_WARN_UNUSED_FUNCTION = YES;
				GCC_WARN_UNUSED_VARIABLE = YES;
				IPHONEOS_DEPLOYMENT_TARGET = 14.5;
				MTL_ENABLE_DEBUG_INFO = NO;
				MTL_FAST_MATH = YES;
				SDKROOT = iphoneos;
				SWIFT_COMPILATION_MODE = wholemodule;
				SWIFT_OPTIMIZATION_LEVEL = "-O";
				VALIDATE_PRODUCT = YES;
			};
			name = Release;
		};
		036EB9B72737FF7100CA03FE /* Debug */ = {
			isa = XCBuildConfiguration;
			buildSettings = {
				ASSETCATALOG_COMPILER_APPICON_NAME = AppIcon;
				ASSETCATALOG_COMPILER_GLOBAL_ACCENT_COLOR_NAME = AccentColor;
				CODE_SIGN_STYLE = Automatic;
				DEVELOPMENT_TEAM = 238EA7P2TP;
				INFOPLIST_FILE = "Nanit_ex/Supporting Files/Info.plist";
				IPHONEOS_DEPLOYMENT_TARGET = 13.0;
				LD_RUNPATH_SEARCH_PATHS = (
					"$(inherited)",
					"@executable_path/Frameworks",
				);
				PRODUCT_BUNDLE_IDENTIFIER = "com.ronen.iris.Nanit-ex";
				PRODUCT_NAME = "$(TARGET_NAME)";
				SWIFT_VERSION = 5.0;
				TARGETED_DEVICE_FAMILY = "1,2";
			};
			name = Debug;
		};
		036EB9B82737FF7100CA03FE /* Release */ = {
			isa = XCBuildConfiguration;
			buildSettings = {
				ASSETCATALOG_COMPILER_APPICON_NAME = AppIcon;
				ASSETCATALOG_COMPILER_GLOBAL_ACCENT_COLOR_NAME = AccentColor;
				CODE_SIGN_STYLE = Automatic;
				DEVELOPMENT_TEAM = 238EA7P2TP;
				INFOPLIST_FILE = "Nanit_ex/Supporting Files/Info.plist";
				IPHONEOS_DEPLOYMENT_TARGET = 13.0;
				LD_RUNPATH_SEARCH_PATHS = (
					"$(inherited)",
					"@executable_path/Frameworks",
				);
				PRODUCT_BUNDLE_IDENTIFIER = "com.ronen.iris.Nanit-ex";
				PRODUCT_NAME = "$(TARGET_NAME)";
				SWIFT_VERSION = 5.0;
				TARGETED_DEVICE_FAMILY = "1,2";
			};
			name = Release;
		};
/* End XCBuildConfiguration section */

/* Begin XCConfigurationList section */
		036EB99D2737FF6E00CA03FE /* Build configuration list for PBXProject "Nanit_ex" */ = {
			isa = XCConfigurationList;
			buildConfigurations = (
				036EB9B42737FF7100CA03FE /* Debug */,
				036EB9B52737FF7100CA03FE /* Release */,
			);
			defaultConfigurationIsVisible = 0;
			defaultConfigurationName = Release;
		};
		036EB9B62737FF7100CA03FE /* Build configuration list for PBXNativeTarget "Nanit_ex" */ = {
			isa = XCConfigurationList;
			buildConfigurations = (
				036EB9B72737FF7100CA03FE /* Debug */,
				036EB9B82737FF7100CA03FE /* Release */,
			);
			defaultConfigurationIsVisible = 0;
			defaultConfigurationName = Release;
		};
/* End XCConfigurationList section */
	};
	rootObject = 036EB99A2737FF6E00CA03FE /* Project object */;
}
